
Microsoft Visual Studio Solution File, Format Version 12.00
# Visual Studio Express 2012 for Windows Desktop
Project("{FAE04EC0-301F-11D3-BF4B-00C04F79EFBC}") = "RandomPiecesGenerator", "RandomPiecesGenerator\RandomPiecesGenerator.csproj", "{B69F7FAB-3900-4518-A8A8-52FAA3FC9DC3}"
EndProject
Global
	GlobalSection(SolutionConfigurationPlatforms) = preSolution
		Debug|Any CPU = Debug|Any CPU
		Release|Any CPU = Release|Any CPU
	EndGlobalSection
	GlobalSection(ProjectConfigurationPlatforms) = postSolution
		{B69F7FAB-3900-4518-A8A8-52FAA3FC9DC3}.Debug|Any CPU.ActiveCfg = Debug|Any CPU
		{B69F7FAB-3900-4518-A8A8-52FAA3FC9DC3}.Debug|Any CPU.Build.0 = Debug|Any CPU
		{B69F7FAB-3900-4518-A8A8-52FAA3FC9DC3}.Release|Any CPU.ActiveCfg = Release|Any CPU
		{B69F7FAB-3900-4518-A8A8-52FAA3FC9DC3}.Release|Any CPU.Build.0 = Release|Any CPU
	EndGlobalSection
	GlobalSection(SolutionProperties) = preSolution
		HideSolutionNode = FALSE
	EndGlobalSection
EndGlobal
